// !$*UTF8*$!
{
	archiveVersion = 1;
	classes = {
	};
	objectVersion = 46;
	objects = {

/* Begin PBXBuildFile section */
		37CAA6171D373CE300D7EBFD /* AppDelegate.swift in Sources */ = {isa = PBXBuildFile; fileRef = 37CAA6161D373CE300D7EBFD /* AppDelegate.swift */; };
		37CAA6191D373CE300D7EBFD /* ViewController.swift in Sources */ = {isa = PBXBuildFile; fileRef = 37CAA6181D373CE300D7EBFD /* ViewController.swift */; };
		37CAA61C1D373CE300D7EBFD /* Main.storyboard in Resources */ = {isa = PBXBuildFile; fileRef = 37CAA61A1D373CE300D7EBFD /* Main.storyboard */; };
		37CAA61E1D373CE300D7EBFD /* Assets.xcassets in Resources */ = {isa = PBXBuildFile; fileRef = 37CAA61D1D373CE300D7EBFD /* Assets.xcassets */; };
		37CAA6211D373CE300D7EBFD /* LaunchScreen.storyboard in Resources */ = {isa = PBXBuildFile; fileRef = 37CAA61F1D373CE300D7EBFD /* LaunchScreen.storyboard */; };
/* End PBXBuildFile section */

/* Begin PBXFileReference section */
		37CAA6131D373CE300D7EBFD /* What's the Weather.app */ = {isa = PBXFileReference; explicitFileType = wrapper.application; includeInIndex = 0; path = "What's the Weather.app"; sourceTree = BUILT_PRODUCTS_DIR; };
		37CAA6161D373CE300D7EBFD /* AppDelegate.swift */ = {isa = PBXFileReference; lastKnownFileType = sourcecode.swift; path = AppDelegate.swift; sourceTree = "<group>"; };
		37CAA6181D373CE300D7EBFD /* ViewController.swift */ = {isa = PBXFileReference; lastKnownFileType = sourcecode.swift; path = ViewController.swift; sourceTree = "<group>"; };
		37CAA61B1D373CE300D7EBFD /* Base */ = {isa = PBXFileReference; lastKnownFileType = file.storyboard; name = Base; path = Base.lproj/Main.storyboard; sourceTree = "<group>"; };
		37CAA61D1D373CE300D7EBFD /* Assets.xcassets */ = {isa = PBXFileReference; lastKnownFileType = folder.assetcatalog; path = Assets.xcassets; sourceTree = "<group>"; };
		37CAA6201D373CE300D7EBFD /* Base */ = {isa = PBXFileReference; lastKnownFileType = file.storyboard; name = Base; path = Base.lproj/LaunchScreen.storyboard; sourceTree = "<group>"; };
		37CAA6221D373CE300D7EBFD /* Info.plist */ = {isa = PBXFileReference; lastKnownFileType = text.plist.xml; path = Info.plist; sourceTree = "<group>"; };
/* End PBXFileReference section */

/* Begin PBXFrameworksBuildPhase section */
		37CAA6101D373CE300D7EBFD /* Frameworks */ = {
			isa = PBXFrameworksBuildPhase;
			buildActionMask = 2147483647;
			files = (
			);
			runOnlyForDeploymentPostprocessing = 0;
		};
/* End PBXFrameworksBuildPhase section */

/* Begin PBXGroup section */
		37CAA60A1D373CE300D7EBFD = {
			isa = PBXGroup;
			children = (
				37CAA6151D373CE300D7EBFD /* What's the Weather */,
				37CAA6141D373CE300D7EBFD /* Products */,
			);
			sourceTree = "<group>";
		};
		37CAA6141D373CE300D7EBFD /* Products */ = {
			isa = PBXGroup;
			children = (
				37CAA6131D373CE300D7EBFD /* What's the Weather.app */,
			);
			name = Products;
			sourceTree = "<group>";
		};
		37CAA6151D373CE300D7EBFD /* What's the Weather */ = {
			isa = PBXGroup;
			children = (
				37CAA6161D373CE300D7EBFD /* AppDelegate.swift */,
				37CAA6181D373CE300D7EBFD /* ViewController.swift */,
				37CAA61A1D373CE300D7EBFD /* Main.storyboard */,
				37CAA61D1D373CE300D7EBFD /* Assets.xcassets */,
				37CAA61F1D373CE300D7EBFD /* LaunchScreen.storyboard */,
				37CAA6221D373CE300D7EBFD /* Info.plist */,
			);
			path = "What's the Weather";
			sourceTree = "<group>";
		};
/* End PBXGroup section */

/* Begin PBXNativeTarget section */
		37CAA6121D373CE300D7EBFD /* What's the Weather */ = {
			isa = PBXNativeTarget;
			buildConfigurationList = 37CAA6251D373CE300D7EBFD /* Build configuration list for PBXNativeTarget "What's the Weather" */;
			buildPhases = (
				37CAA60F1D373CE300D7EBFD /* Sources */,
				37CAA6101D373CE300D7EBFD /* Frameworks */,
				37CAA6111D373CE300D7EBFD /* Resources */,
			);
			buildRules = (
			);
			dependencies = (
			);
			name = "What's the Weather";
			productName = "What's the Weather";
			productReference = 37CAA6131D373CE300D7EBFD /* What's the Weather.app */;
			productType = "com.apple.product-type.application";
		};
/* End PBXNativeTarget section */

/* Begin PBXProject section */
		37CAA60B1D373CE300D7EBFD /* Project object */ = {
			isa = PBXProject;
			attributes = {
				LastSwiftUpdateCheck = 0730;
				LastUpgradeCheck = 0730;
				ORGANIZATIONNAME = "Ryan Lim";
				TargetAttributes = {
					37CAA6121D373CE300D7EBFD = {
						CreatedOnToolsVersion = 7.3.1;
						DevelopmentTeam = T36N8475ZJ;
					};
				};
			};
			buildConfigurationList = 37CAA60E1D373CE300D7EBFD /* Build configuration list for PBXProject "What's the Weather" */;
			compatibilityVersion = "Xcode 3.2";
			developmentRegion = English;
			hasScannedForEncodings = 0;
			knownRegions = (
				en,
				Base,
			);
			mainGroup = 37CAA60A1D373CE300D7EBFD;
			productRefGroup = 37CAA6141D373CE300D7EBFD /* Products */;
			projectDirPath = "";
			projectRoot = "";
			targets = (
				37CAA6121D373CE300D7EBFD /* What's the Weather */,
			);
		};
/* End PBXProject section */

/* Begin PBXResourcesBuildPhase section */
		37CAA6111D373CE300D7EBFD /* Resources */ = {
			isa = PBXResourcesBuildPhase;
			buildActionMask = 2147483647;
			files = (
				37CAA6211D373CE300D7EBFD /* LaunchScreen.storyboard in Resources */,
				37CAA61E1D373CE300D7EBFD /* Assets.xcassets in Resources */,
				37CAA61C1D373CE300D7EBFD /* Main.storyboard in Resources */,
			);
			runOnlyForDeploymentPostprocessing = 0;
		};
/* End PBXResourcesBuildPhase section */

/* Begin PBXSourcesBuildPhase section */
		37CAA60F1D373CE300D7EBFD /* Sources */ = {
			isa = PBXSourcesBuildPhase;
			buildActionMask = 2147483647;
			files = (
				37CAA6191D373CE300D7EBFD /* ViewController.swift in Sources */,
				37CAA6171D373CE300D7EBFD /* AppDelegate.swift in Sources */,
			);
			runOnlyForDeploymentPostprocessing = 0;
		};
/* End PBXSourcesBuildPhase section */

/* Begin PBXVariantGroup section */
		37CAA61A1D373CE300D7EBFD /* Main.storyboard */ = {
			isa = PBXVariantGroup;
			children = (
				37CAA61B1D373CE300D7EBFD /* Base */,
			);
			name = Main.storyboard;
			sourceTree = "<group>";
		};
		37CAA61F1D373CE300D7EBFD /* LaunchScreen.storyboard */ = {
			isa = PBXVariantGroup;
			children = (
				37CAA6201D373CE300D7EBFD /* Base */,
			);
			name = LaunchScreen.storyboard;
			sourceTree = "<group>";
		};
/* End PBXVariantGroup section */

/* Begin XCBuildConfiguration section */
		37CAA6231D373CE300D7EBFD /* Debug */ = {
			isa = XCBuildConfiguration;
			buildSettings = {
				ALWAYS_SEARCH_USER_PATHS = NO;
				CLANG_ANALYZER_NONNULL = YES;
				CLANG_CXX_LANGUAGE_STANDARD = "gnu++0x";
				CLANG_CXX_LIBRARY = "libc++";
				CLANG_ENABLE_MODULES = YES;
				CLANG_ENABLE_OBJC_ARC = YES;
				CLANG_WARN_BOOL_CONVERSION = YES;
				CLANG_WARN_CONSTANT_CONVERSION = YES;
				CLANG_WARN_DIRECT_OBJC_ISA_USAGE = YES_ERROR;
				CLANG_WARN_EMPTY_BODY = YES;
				CLANG_WARN_ENUM_CONVERSION = YES;
				CLANG_WARN_INT_CONVERSION = YES;
				CLANG_WARN_OBJC_ROOT_CLASS = YES_ERROR;
				CLANG_WARN_UNREACHABLE_CODE = YES;
				CLANG_WARN__DUPLICATE_METHOD_MATCH = YES;
				"CODE_SIGN_IDENTITY[sdk=iphoneos*]" = "iPhone Developer";
				COPY_PHASE_STRIP = NO;
				DEBUG_INFORMATION_FORMAT = dwarf;
				ENABLE_STRICT_OBJC_MSGSEND = YES;
				ENABLE_TESTABILITY = YES;
				GCC_C_LANGUAGE_STANDARD = gnu99;
				GCC_DYNAMIC_NO_PIC = NO;
				GCC_NO_COMMON_BLOCKS = YES;
				GCC_OPTIMIZATION_LEVEL = 0;
				GCC_PREPROCESSOR_DEFINITIONS = (
					"DEBUG=1",
					"$(inherited)",
				);
				GCC_WARN_64_TO_32_BIT_CONVERSION = YES;
				GCC_WARN_ABOUT_RETURN_TYPE = YES_ERROR;
				GCC_WARN_UNDECLARED_SELECTOR = YES;
				GCC_WARN_UNINITIALIZED_AUTOS = YES_AGGRESSIVE;
				GCC_WARN_UNUSED_FUNCTION = YES;
				GCC_WARN_UNUSED_VARIABLE = YES;
				IPHONEOS_DEPLOYMENT_TARGET = 9.3;
				MTL_ENABLE_DEBUG_INFO = YES;
				ONLY_ACTIVE_ARCH = YES;
				SDKROOT = iphoneos;
				SWIFT_OPTIMIZATION_LEVEL = "-Onone";
			};
			name = Debug;
		};
		37CAA6241D373CE300D7EBFD /* Release */ = {
			isa = XCBuildConfiguration;
			buildSettings = {
				ALWAYS_SEARCH_USER_PATHS = NO;
				CLANG_ANALYZER_NONNULL = YES;
				CLANG_CXX_LANGUAGE_STANDARD = "gnu++0x";
				CLANG_CXX_LIBRARY = "libc++";
				CLANG_ENABLE_MODULES = YES;
				CLANG_ENABLE_OBJC_ARC = YES;
				CLANG_WARN_BOOL_CONVERSION = YES;
				CLANG_WARN_CONSTANT_CONVERSION = YES;
				CLANG_WARN_DIRECT_OBJC_ISA_USAGE = YES_ERROR;
				CLANG_WARN_EMPTY_BODY = YES;
				CLANG_WARN_ENUM_CONVERSION = YES;
				CLANG_WARN_INT_CONVERSION = YES;
				CLANG_WARN_OBJC_ROOT_CLASS = YES_ERROR;
				CLANG_WARN_UNREACHABLE_CODE = YES;
				CLANG_WARN__DUPLICATE_METHOD_MATCH = YES;
				"CODE_SIGN_IDENTITY[sdk=iphoneos*]" = "iPhone Developer";
				COPY_PHASE_STRIP = NO;
				DEBUG_INFORMATION_FORMAT = "dwarf-with-dsym";
				ENABLE_NS_ASSERTIONS = NO;
				ENABLE_STRICT_OBJC_MSGSEND = YES;
				GCC_C_LANGUAGE_STANDARD = gnu99;
				GCC_NO_COMMON_BLOCKS = YES;
				GCC_WARN_64_TO_32_BIT_CONVERSION = YES;
				GCC_WARN_ABOUT_RETURN_TYPE = YES_ERROR;
				GCC_WARN_UNDECLARED_SELECTOR = YES;
				GCC_WARN_UNINITIALIZED_AUTOS = YES_AGGRESSIVE;
				GCC_WARN_UNUSED_FUNCTION = YES;
				GCC_WARN_UNUSED_VARIABLE = YES;
				IPHONEOS_DEPLOYMENT_TARGET = 9.3;
				MTL_ENABLE_DEBUG_INFO = NO;
				SDKROOT = iphoneos;
				VALIDATE_PRODUCT = YES;
			};
			name = Release;
		};
		37CAA6261D373CE300D7EBFD /* Debug */ = {
			isa = XCBuildConfiguration;
			buildSettings = {
				ASSETCATALOG_COMPILER_APPICON_NAME = AppIcon;
				INFOPLIST_FILE = "What's the Weather/Info.plist";
				LD_RUNPATH_SEARCH_PATHS = "$(inherited) @executable_path/Frameworks";
				PRODUCT_BUNDLE_IDENTIFIER = "com.ryanlim.What-s-the-Weather";
				PRODUCT_NAME = "$(TARGET_NAME)";
			};
			name = Debug;
		};
		37CAA6271D373CE300D7EBFD /* Release */ = {
			isa = XCBuildConfiguration;
			buildSettings = {
				ASSETCATALOG_COMPILER_APPICON_NAME = AppIcon;
				INFOPLIST_FILE = "What's the Weather/Info.plist";
				LD_RUNPATH_SEARCH_PATHS = "$(inherited) @executable_path/Frameworks";
				PRODUCT_BUNDLE_IDENTIFIER = "com.ryanlim.What-s-the-Weather";
				PRODUCT_NAME = "$(TARGET_NAME)";
			};
			name = Release;
		};
/* End XCBuildConfiguration section */

/* Begin XCConfigurationList section */
		37CAA60E1D373CE300D7EBFD /* Build configuration list for PBXProject "What's the Weather" */ = {
			isa = XCConfigurationList;
			buildConfigurations = (
				37CAA6231D373CE300D7EBFD /* Debug */,
				37CAA6241D373CE300D7EBFD /* Release */,
			);
			defaultConfigurationIsVisible = 0;
			defaultConfigurationName = Release;
		};
		37CAA6251D373CE300D7EBFD /* Build configuration list for PBXNativeTarget "What's the Weather" */ = {
			isa = XCConfigurationList;
			buildConfigurations = (
				37CAA6261D373CE300D7EBFD /* Debug */,
				37CAA6271D373CE300D7EBFD /* Release */,
			);
			defaultConfigurationIsVisible = 0;
		};
/* End XCConfigurationList section */
	};
	rootObject = 37CAA60B1D373CE300D7EBFD /* Project object */;
}
